SITE
  remote: http://community.opscode.com/api/v1
  specs:
    dmg (2.1.4)
    homebrew (1.5.4)

GIT
  remote: git://github.com/pivotal-sprout/sprout.git
  path: osx
  ref: mavericks
  sha: 5afa8716946376cb637fbe92d577c536cdfbc8be
  specs:
    osx (0.1.0)

GIT
  remote: git://github.com/pivotal-sprout/sprout.git
  path: sprout-osx-git
  ref: mavericks
  sha: 5afa8716946376cb637fbe92d577c536cdfbc8be
  specs:
    sprout-osx-git (0.1.0)
      homebrew (>= 0.0.0)
      sprout-osx-base (>= 0.0.0)

GIT
  remote: git://github.com/pivotal-sprout/sprout.git
  path: sprout-osx-rubymine
  ref: mavericks
  sha: 5afa8716946376cb637fbe92d577c536cdfbc8be
  specs:
    sprout-osx-rubymine (0.1.0)
      homebrew (>= 0.0.0)
      sprout-osx-apps (>= 0.0.0)
      sprout-osx-base (>= 0.0.0)

GIT
  remote: git://github.com/pivotal-sprout/sprout.git
  path: sprout-pivotal
  ref: mavericks
  sha: 5afa8716946376cb637fbe92d577c536cdfbc8be
  specs:
    sprout-pivotal (0.1.0)
      dmg (>= 0.0.0)
      homebrew (>= 0.0.0)
      sprout-osx-base (>= 0.0.0)

GIT
  remote: https://github.com/TangoGroup/gloo-workstation.git
  ref: master
  sha: 0269bdd7fae3b6a4e25f6bf995429a393384e5ae
  specs:
    gloo-workstation (0.1.5)
      dmg (>= 0.0.0)

GIT
  remote: https://github.com/trinitronx/lyraphase_workstation
  ref: develop
  sha: 8c4443d481e9ea8a7be7430c6e9465970fd0ee54
  specs:
    lyraphase_workstation (0.1.0)

GIT
  remote: https://github.com/trinitronx/sprout
  path: sprout-osx-settings
  ref: idempotent-expose-keyboard-shortcut-recipe
  sha: daad2e7e23f110ebc8120791129761fed896f547
  specs:
    sprout-osx-settings (0.1.0)
      osx (>= 0.0.0)
      sprout-osx-base (>= 0.0.0)

GIT
  remote: https://github.com/trinitronx/sprout
  path: pivotal_workstation
  ref: mavericks-develop
  sha: 29d514eeba3d4d2a36346c16ba838fe89fa39e9b
  specs:
    pivotal_workstation (1.0.0)
      dmg (>= 0.0.0)
      homebrew (>= 0.0.0)
      osx (>= 0.0.0)
      sprout-osx-apps (>= 0.0.0)
      sprout-osx-base (>= 0.0.0)
      sprout-osx-settings (>= 0.0.0)
      sprout-pivotal (>= 0.0.0)

GIT
  remote: https://github.com/trinitronx/sprout
  path: sprout-osx-apps
  ref: mavericks-develop
  sha: 29d514eeba3d4d2a36346c16ba838fe89fa39e9b
  specs:
    sprout-osx-apps (0.1.0)
      dmg (>= 0.0.0)
      homebrew (>= 0.0.0)
      sprout-osx-base (>= 0.0.0)
      sprout-osx-settings (>= 0.0.0)

GIT
  remote: https://github.com/trinitronx/sprout
  path: sprout-osx-base
  ref: mavericks-develop
  sha: 29d514eeba3d4d2a36346c16ba838fe89fa39e9b
  specs:
    sprout-osx-base (0.1.0)

PATH
  remote: site-cookbooks/meta
  specs:
    meta (0.1.0)
      pivotal_workstation (>= 0.0.0)
      sprout-osx-apps (>= 0.0.0)
      sprout-osx-settings (>= 0.0.0)

DEPENDENCIES
  gloo-workstation (>= 0)
  lyraphase_workstation (>= 0)
  meta (>= 0)
  osx (>= 0)
  pivotal_workstation (>= 0)
  sprout-osx-apps (>= 0)
  sprout-osx-base (>= 0)
  sprout-osx-git (>= 0)
  sprout-osx-rubymine (>= 0)
  sprout-osx-settings (>= 0)
  sprout-pivotal (>= 0)

